
Microsoft Visual Studio Solution File, Format Version 11.00
# Visual C# Express 2010
Project("{FAE04EC0-301F-11D3-BF4B-00C04F79EFBC}") = "ScreenModelClass", "ContentPipelineExtension1\ScreenModelClass.csproj", "{EA9C05C0-ED99-49EA-B43A-18766304C403}"
EndProject
Global
	GlobalSection(SolutionConfigurationPlatforms) = preSolution
		Debug|x86 = Debug|x86
	EndGlobalSection
	GlobalSection(ProjectConfigurationPlatforms) = postSolution
		{EA9C05C0-ED99-49EA-B43A-18766304C403}.Debug|x86.ActiveCfg = Debug|x86
		{EA9C05C0-ED99-49EA-B43A-18766304C403}.Debug|x86.Build.0 = Debug|x86
	EndGlobalSection
	GlobalSection(SolutionProperties) = preSolution
		HideSolutionNode = FALSE
	EndGlobalSection
EndGlobal
